// !$*UTF8*$!
{
	archiveVersion = 1;
	classes = {
	};
	objectVersion = 56;
	objects = {

/* Begin PBXBuildFile section */
		798D6D7F297692A700EC8A52 /* EmojiArtboardApp.swift in Sources */ = {isa = PBXBuildFile; fileRef = 798D6D7E297692A700EC8A52 /* EmojiArtboardApp.swift */; };
		798D6D81297692A700EC8A52 /* EmojiArtboardView.swift in Sources */ = {isa = PBXBuildFile; fileRef = 798D6D80297692A700EC8A52 /* EmojiArtboardView.swift */; };
		798D6D83297692A900EC8A52 /* Assets.xcassets in Resources */ = {isa = PBXBuildFile; fileRef = 798D6D82297692A900EC8A52 /* Assets.xcassets */; };
		798D6D86297692A900EC8A52 /* Preview Assets.xcassets in Resources */ = {isa = PBXBuildFile; fileRef = 798D6D85297692A900EC8A52 /* Preview Assets.xcassets */; };
		7990906529779E62004D35C5 /* UtilityViews.swift in Sources */ = {isa = PBXBuildFile; fileRef = 7990906429779E62004D35C5 /* UtilityViews.swift */; };
		79946EAA29773F26004B2D03 /* EmojiArtboardModel.swift in Sources */ = {isa = PBXBuildFile; fileRef = 79946EA929773F26004B2D03 /* EmojiArtboardModel.swift */; };
		79946EAE29773F94004B2D03 /* Emoji.swift in Sources */ = {isa = PBXBuildFile; fileRef = 79946EAD29773F94004B2D03 /* Emoji.swift */; };
		79946EB029773FE3004B2D03 /* EmojiArtboard.Background.swift in Sources */ = {isa = PBXBuildFile; fileRef = 79946EAF29773FE3004B2D03 /* EmojiArtboard.Background.swift */; };
		79946EB32977481B004B2D03 /* EmojiArtboardViewModel.swift in Sources */ = {isa = PBXBuildFile; fileRef = 79946EB22977481B004B2D03 /* EmojiArtboardViewModel.swift */; };
		79946EB629774BF6004B2D03 /* Extensions.swift in Sources */ = {isa = PBXBuildFile; fileRef = 79946EB529774BF6004B2D03 /* Extensions.swift */; };
/* End PBXBuildFile section */

/* Begin PBXFileReference section */
		798D6D7B297692A700EC8A52 /* EmojiArtboard.app */ = {isa = PBXFileReference; explicitFileType = wrapper.application; includeInIndex = 0; path = EmojiArtboard.app; sourceTree = BUILT_PRODUCTS_DIR; };
		798D6D7E297692A700EC8A52 /* EmojiArtboardApp.swift */ = {isa = PBXFileReference; lastKnownFileType = sourcecode.swift; path = EmojiArtboardApp.swift; sourceTree = "<group>"; };
		798D6D80297692A700EC8A52 /* EmojiArtboardView.swift */ = {isa = PBXFileReference; lastKnownFileType = sourcecode.swift; path = EmojiArtboardView.swift; sourceTree = "<group>"; };
		798D6D82297692A900EC8A52 /* Assets.xcassets */ = {isa = PBXFileReference; lastKnownFileType = folder.assetcatalog; path = Assets.xcassets; sourceTree = "<group>"; };
		798D6D85297692A900EC8A52 /* Preview Assets.xcassets */ = {isa = PBXFileReference; lastKnownFileType = folder.assetcatalog; path = "Preview Assets.xcassets"; sourceTree = "<group>"; };
		7990906429779E62004D35C5 /* UtilityViews.swift */ = {isa = PBXFileReference; lastKnownFileType = sourcecode.swift; path = UtilityViews.swift; sourceTree = "<group>"; };
		79946EA929773F26004B2D03 /* EmojiArtboardModel.swift */ = {isa = PBXFileReference; lastKnownFileType = sourcecode.swift; path = EmojiArtboardModel.swift; sourceTree = "<group>"; };
		79946EAD29773F94004B2D03 /* Emoji.swift */ = {isa = PBXFileReference; lastKnownFileType = sourcecode.swift; path = Emoji.swift; sourceTree = "<group>"; };
		79946EAF29773FE3004B2D03 /* EmojiArtboard.Background.swift */ = {isa = PBXFileReference; lastKnownFileType = sourcecode.swift; path = EmojiArtboard.Background.swift; sourceTree = "<group>"; };
		79946EB22977481B004B2D03 /* EmojiArtboardViewModel.swift */ = {isa = PBXFileReference; lastKnownFileType = sourcecode.swift; path = EmojiArtboardViewModel.swift; sourceTree = "<group>"; };
		79946EB529774BF6004B2D03 /* Extensions.swift */ = {isa = PBXFileReference; lastKnownFileType = sourcecode.swift; path = Extensions.swift; sourceTree = "<group>"; };
/* End PBXFileReference section */

/* Begin PBXFrameworksBuildPhase section */
		798D6D78297692A700EC8A52 /* Frameworks */ = {
			isa = PBXFrameworksBuildPhase;
			buildActionMask = 2147483647;
			files = (
			);
			runOnlyForDeploymentPostprocessing = 0;
		};
/* End PBXFrameworksBuildPhase section */

/* Begin PBXGroup section */
		798D6D72297692A700EC8A52 = {
			isa = PBXGroup;
			children = (
				798D6D7D297692A700EC8A52 /* EmojiArtboard */,
				798D6D7C297692A700EC8A52 /* Products */,
			);
			sourceTree = "<group>";
		};
		798D6D7C297692A700EC8A52 /* Products */ = {
			isa = PBXGroup;
			children = (
				798D6D7B297692A700EC8A52 /* EmojiArtboard.app */,
			);
			name = Products;
			sourceTree = "<group>";
		};
		798D6D7D297692A700EC8A52 /* EmojiArtboard */ = {
			isa = PBXGroup;
			children = (
				79946EB729774E16004B2D03 /* Views */,
				798D6D7E297692A700EC8A52 /* EmojiArtboardApp.swift */,
				79946EB429774BE3004B2D03 /* Utils */,
				79946EB1297747E7004B2D03 /* ViewModels */,
				798D6D82297692A900EC8A52 /* Assets.xcassets */,
				79946EAB29773F71004B2D03 /* Data */,
				79946EA829773F00004B2D03 /* Model */,
				798D6D84297692A900EC8A52 /* Preview Content */,
			);
			path = EmojiArtboard;
			sourceTree = "<group>";
		};
		798D6D84297692A900EC8A52 /* Preview Content */ = {
			isa = PBXGroup;
			children = (
				798D6D85297692A900EC8A52 /* Preview Assets.xcassets */,
			);
			path = "Preview Content";
			sourceTree = "<group>";
		};
		79946EA829773F00004B2D03 /* Model */ = {
			isa = PBXGroup;
			children = (
				79946EA929773F26004B2D03 /* EmojiArtboardModel.swift */,
			);
			path = Model;
			sourceTree = "<group>";
		};
		79946EAB29773F71004B2D03 /* Data */ = {
			isa = PBXGroup;
			children = (
				79946EAF29773FE3004B2D03 /* EmojiArtboard.Background.swift */,
				79946EAC29773F7F004B2D03 /* Objects */,
			);
			path = Data;
			sourceTree = "<group>";
		};
		79946EAC29773F7F004B2D03 /* Objects */ = {
			isa = PBXGroup;
			children = (
				79946EAD29773F94004B2D03 /* Emoji.swift */,
			);
			path = Objects;
			sourceTree = "<group>";
		};
		79946EB1297747E7004B2D03 /* ViewModels */ = {
			isa = PBXGroup;
			children = (
				79946EB22977481B004B2D03 /* EmojiArtboardViewModel.swift */,
			);
			path = ViewModels;
			sourceTree = "<group>";
		};
		79946EB429774BE3004B2D03 /* Utils */ = {
			isa = PBXGroup;
			children = (
				7990906429779E62004D35C5 /* UtilityViews.swift */,
				79946EB529774BF6004B2D03 /* Extensions.swift */,
			);
			path = Utils;
			sourceTree = "<group>";
		};
		79946EB729774E16004B2D03 /* Views */ = {
			isa = PBXGroup;
			children = (
				798D6D80297692A700EC8A52 /* EmojiArtboardView.swift */,
			);
			path = Views;
			sourceTree = "<group>";
		};
/* End PBXGroup section */

/* Begin PBXNativeTarget section */
		798D6D7A297692A700EC8A52 /* EmojiArtboard */ = {
			isa = PBXNativeTarget;
			buildConfigurationList = 798D6D89297692A900EC8A52 /* Build configuration list for PBXNativeTarget "EmojiArtboard" */;
			buildPhases = (
				798D6D77297692A700EC8A52 /* Sources */,
				798D6D78297692A700EC8A52 /* Frameworks */,
				798D6D79297692A700EC8A52 /* Resources */,
			);
			buildRules = (
			);
			dependencies = (
			);
			name = EmojiArtboard;
			productName = EmojiArtboard;
			productReference = 798D6D7B297692A700EC8A52 /* EmojiArtboard.app */;
			productType = "com.apple.product-type.application";
		};
/* End PBXNativeTarget section */

/* Begin PBXProject section */
		798D6D73297692A700EC8A52 /* Project object */ = {
			isa = PBXProject;
			attributes = {
				BuildIndependentTargetsInParallel = 1;
				LastSwiftUpdateCheck = 1420;
				LastUpgradeCheck = 1420;
				TargetAttributes = {
					798D6D7A297692A700EC8A52 = {
						CreatedOnToolsVersion = 14.2;
					};
				};
			};
			buildConfigurationList = 798D6D76297692A700EC8A52 /* Build configuration list for PBXProject "EmojiArtboard" */;
			compatibilityVersion = "Xcode 14.0";
			developmentRegion = en;
			hasScannedForEncodings = 0;
			knownRegions = (
				en,
				Base,
			);
			mainGroup = 798D6D72297692A700EC8A52;
			productRefGroup = 798D6D7C297692A700EC8A52 /* Products */;
			projectDirPath = "";
			projectRoot = "";
			targets = (
				798D6D7A297692A700EC8A52 /* EmojiArtboard */,
			);
		};
/* End PBXProject section */

/* Begin PBXResourcesBuildPhase section */
		798D6D79297692A700EC8A52 /* Resources */ = {
			isa = PBXResourcesBuildPhase;
			buildActionMask = 2147483647;
			files = (
				798D6D86297692A900EC8A52 /* Preview Assets.xcassets in Resources */,
				798D6D83297692A900EC8A52 /* Assets.xcassets in Resources */,
			);
			runOnlyForDeploymentPostprocessing = 0;
		};
/* End PBXResourcesBuildPhase section */

/* Begin PBXSourcesBuildPhase section */
		798D6D77297692A700EC8A52 /* Sources */ = {
			isa = PBXSourcesBuildPhase;
			buildActionMask = 2147483647;
			files = (
				798D6D81297692A700EC8A52 /* EmojiArtboardView.swift in Sources */,
				79946EAA29773F26004B2D03 /* EmojiArtboardModel.swift in Sources */,
				79946EB32977481B004B2D03 /* EmojiArtboardViewModel.swift in Sources */,
				79946EAE29773F94004B2D03 /* Emoji.swift in Sources */,
				798D6D7F297692A700EC8A52 /* EmojiArtboardApp.swift in Sources */,
				79946EB029773FE3004B2D03 /* EmojiArtboard.Background.swift in Sources */,
				79946EB629774BF6004B2D03 /* Extensions.swift in Sources */,
				7990906529779E62004D35C5 /* UtilityViews.swift in Sources */,
			);
			runOnlyForDeploymentPostprocessing = 0;
		};
/* End PBXSourcesBuildPhase section */

/* Begin XCBuildConfiguration section */
		798D6D87297692A900EC8A52 /* Debug */ = {
			isa = XCBuildConfiguration;
			buildSettings = {
				ALWAYS_SEARCH_USER_PATHS = NO;
				CLANG_ANALYZER_NONNULL = YES;
				CLANG_ANALYZER_NUMBER_OBJECT_CONVERSION = YES_AGGRESSIVE;
				CLANG_CXX_LANGUAGE_STANDARD = "gnu++20";
				CLANG_ENABLE_MODULES = YES;
				CLANG_ENABLE_OBJC_ARC = YES;
				CLANG_ENABLE_OBJC_WEAK = YES;
				CLANG_WARN_BLOCK_CAPTURE_AUTORELEASING = YES;
				CLANG_WARN_BOOL_CONVERSION = YES;
				CLANG_WARN_COMMA = YES;
				CLANG_WARN_CONSTANT_CONVERSION = YES;
				CLANG_WARN_DEPRECATED_OBJC_IMPLEMENTATIONS = YES;
				CLANG_WARN_DIRECT_OBJC_ISA_USAGE = YES_ERROR;
				CLANG_WARN_DOCUMENTATION_COMMENTS = YES;
				CLANG_WARN_EMPTY_BODY = YES;
				CLANG_WARN_ENUM_CONVERSION = YES;
				CLANG_WARN_INFINITE_RECURSION = YES;
				CLANG_WARN_INT_CONVERSION = YES;
				CLANG_WARN_NON_LITERAL_NULL_CONVERSION = YES;
				CLANG_WARN_OBJC_IMPLICIT_RETAIN_SELF = YES;
				CLANG_WARN_OBJC_LITERAL_CONVERSION = YES;
				CLANG_WARN_OBJC_ROOT_CLASS = YES_ERROR;
				CLANG_WARN_QUOTED_INCLUDE_IN_FRAMEWORK_HEADER = YES;
				CLANG_WARN_RANGE_LOOP_ANALYSIS = YES;
				CLANG_WARN_STRICT_PROTOTYPES = YES;
				CLANG_WARN_SUSPICIOUS_MOVE = YES;
				CLANG_WARN_UNGUARDED_AVAILABILITY = YES_AGGRESSIVE;
				CLANG_WARN_UNREACHABLE_CODE = YES;
				CLANG_WARN__DUPLICATE_METHOD_MATCH = YES;
				COPY_PHASE_STRIP = NO;
				DEBUG_INFORMATION_FORMAT = dwarf;
				ENABLE_STRICT_OBJC_MSGSEND = YES;
				ENABLE_TESTABILITY = YES;
				GCC_C_LANGUAGE_STANDARD = gnu11;
				GCC_DYNAMIC_NO_PIC = NO;
				GCC_NO_COMMON_BLOCKS = YES;
				GCC_OPTIMIZATION_LEVEL = 0;
				GCC_PREPROCESSOR_DEFINITIONS = (
					"DEBUG=1",
					"$(inherited)",
				);
				GCC_WARN_64_TO_32_BIT_CONVERSION = YES;
				GCC_WARN_ABOUT_RETURN_TYPE = YES_ERROR;
				GCC_WARN_UNDECLARED_SELECTOR = YES;
				GCC_WARN_UNINITIALIZED_AUTOS = YES_AGGRESSIVE;
				GCC_WARN_UNUSED_FUNCTION = YES;
				GCC_WARN_UNUSED_VARIABLE = YES;
				IPHONEOS_DEPLOYMENT_TARGET = 14.0;
				MTL_ENABLE_DEBUG_INFO = INCLUDE_SOURCE;
				MTL_FAST_MATH = YES;
				ONLY_ACTIVE_ARCH = YES;
				SDKROOT = iphoneos;
				SWIFT_ACTIVE_COMPILATION_CONDITIONS = DEBUG;
				SWIFT_OPTIMIZATION_LEVEL = "-Onone";
			};
			name = Debug;
		};
		798D6D88297692A900EC8A52 /* Release */ = {
			isa = XCBuildConfiguration;
			buildSettings = {
				ALWAYS_SEARCH_USER_PATHS = NO;
				CLANG_ANALYZER_NONNULL = YES;
				CLANG_ANALYZER_NUMBER_OBJECT_CONVERSION = YES_AGGRESSIVE;
				CLANG_CXX_LANGUAGE_STANDARD = "gnu++20";
				CLANG_ENABLE_MODULES = YES;
				CLANG_ENABLE_OBJC_ARC = YES;
				CLANG_ENABLE_OBJC_WEAK = YES;
				CLANG_WARN_BLOCK_CAPTURE_AUTORELEASING = YES;
				CLANG_WARN_BOOL_CONVERSION = YES;
				CLANG_WARN_COMMA = YES;
				CLANG_WARN_CONSTANT_CONVERSION = YES;
				CLANG_WARN_DEPRECATED_OBJC_IMPLEMENTATIONS = YES;
				CLANG_WARN_DIRECT_OBJC_ISA_USAGE = YES_ERROR;
				CLANG_WARN_DOCUMENTATION_COMMENTS = YES;
				CLANG_WARN_EMPTY_BODY = YES;
				CLANG_WARN_ENUM_CONVERSION = YES;
				CLANG_WARN_INFINITE_RECURSION = YES;
				CLANG_WARN_INT_CONVERSION = YES;
				CLANG_WARN_NON_LITERAL_NULL_CONVERSION = YES;
				CLANG_WARN_OBJC_IMPLICIT_RETAIN_SELF = YES;
				CLANG_WARN_OBJC_LITERAL_CONVERSION = YES;
				CLANG_WARN_OBJC_ROOT_CLASS = YES_ERROR;
				CLANG_WARN_QUOTED_INCLUDE_IN_FRAMEWORK_HEADER = YES;
				CLANG_WARN_RANGE_LOOP_ANALYSIS = YES;
				CLANG_WARN_STRICT_PROTOTYPES = YES;
				CLANG_WARN_SUSPICIOUS_MOVE = YES;
				CLANG_WARN_UNGUARDED_AVAILABILITY = YES_AGGRESSIVE;
				CLANG_WARN_UNREACHABLE_CODE = YES;
				CLANG_WARN__DUPLICATE_METHOD_MATCH = YES;
				COPY_PHASE_STRIP = NO;
				DEBUG_INFORMATION_FORMAT = "dwarf-with-dsym";
				ENABLE_NS_ASSERTIONS = NO;
				ENABLE_STRICT_OBJC_MSGSEND = YES;
				GCC_C_LANGUAGE_STANDARD = gnu11;
				GCC_NO_COMMON_BLOCKS = YES;
				GCC_WARN_64_TO_32_BIT_CONVERSION = YES;
				GCC_WARN_ABOUT_RETURN_TYPE = YES_ERROR;
				GCC_WARN_UNDECLARED_SELECTOR = YES;
				GCC_WARN_UNINITIALIZED_AUTOS = YES_AGGRESSIVE;
				GCC_WARN_UNUSED_FUNCTION = YES;
				GCC_WARN_UNUSED_VARIABLE = YES;
				IPHONEOS_DEPLOYMENT_TARGET = 14.0;
				MTL_ENABLE_DEBUG_INFO = NO;
				MTL_FAST_MATH = YES;
				SDKROOT = iphoneos;
				SWIFT_COMPILATION_MODE = wholemodule;
				SWIFT_OPTIMIZATION_LEVEL = "-O";
				VALIDATE_PRODUCT = YES;
			};
			name = Release;
		};
		798D6D8A297692A900EC8A52 /* Debug */ = {
			isa = XCBuildConfiguration;
			buildSettings = {
				ASSETCATALOG_COMPILER_APPICON_NAME = AppIcon;
				ASSETCATALOG_COMPILER_GLOBAL_ACCENT_COLOR_NAME = AccentColor;
				CODE_SIGN_STYLE = Automatic;
				CURRENT_PROJECT_VERSION = 1;
				DEVELOPMENT_ASSET_PATHS = "\"EmojiArtboard/Preview Content\"";
				DEVELOPMENT_TEAM = QL7G84W3RH;
				ENABLE_PREVIEWS = YES;
				GENERATE_INFOPLIST_FILE = YES;
				INFOPLIST_KEY_UIApplicationSceneManifest_Generation = YES;
				INFOPLIST_KEY_UIApplicationSupportsIndirectInputEvents = YES;
				INFOPLIST_KEY_UILaunchScreen_Generation = YES;
				INFOPLIST_KEY_UISupportedInterfaceOrientations_iPad = "UIInterfaceOrientationPortrait UIInterfaceOrientationPortraitUpsideDown UIInterfaceOrientationLandscapeLeft UIInterfaceOrientationLandscapeRight";
				INFOPLIST_KEY_UISupportedInterfaceOrientations_iPhone = "UIInterfaceOrientationPortrait UIInterfaceOrientationLandscapeLeft UIInterfaceOrientationLandscapeRight";
				IPHONEOS_DEPLOYMENT_TARGET = 14.0;
				LD_RUNPATH_SEARCH_PATHS = (
					"$(inherited)",
					"@executable_path/Frameworks",
				);
				MARKETING_VERSION = 1.0;
				PRODUCT_BUNDLE_IDENTIFIER = ca.veltus.EmojiArtboard;
				PRODUCT_NAME = "$(TARGET_NAME)";
				SWIFT_EMIT_LOC_STRINGS = YES;
				SWIFT_VERSION = 5.0;
				TARGETED_DEVICE_FAMILY = "1,2";
			};
			name = Debug;
		};
		798D6D8B297692A900EC8A52 /* Release */ = {
			isa = XCBuildConfiguration;
			buildSettings = {
				ASSETCATALOG_COMPILER_APPICON_NAME = AppIcon;
				ASSETCATALOG_COMPILER_GLOBAL_ACCENT_COLOR_NAME = AccentColor;
				CODE_SIGN_STYLE = Automatic;
				CURRENT_PROJECT_VERSION = 1;
				DEVELOPMENT_ASSET_PATHS = "\"EmojiArtboard/Preview Content\"";
				DEVELOPMENT_TEAM = QL7G84W3RH;
				ENABLE_PREVIEWS = YES;
				GENERATE_INFOPLIST_FILE = YES;
				INFOPLIST_KEY_UIApplicationSceneManifest_Generation = YES;
				INFOPLIST_KEY_UIApplicationSupportsIndirectInputEvents = YES;
				INFOPLIST_KEY_UILaunchScreen_Generation = YES;
				INFOPLIST_KEY_UISupportedInterfaceOrientations_iPad = "UIInterfaceOrientationPortrait UIInterfaceOrientationPortraitUpsideDown UIInterfaceOrientationLandscapeLeft UIInterfaceOrientationLandscapeRight";
				INFOPLIST_KEY_UISupportedInterfaceOrientations_iPhone = "UIInterfaceOrientationPortrait UIInterfaceOrientationLandscapeLeft UIInterfaceOrientationLandscapeRight";
				IPHONEOS_DEPLOYMENT_TARGET = 14.0;
				LD_RUNPATH_SEARCH_PATHS = (
					"$(inherited)",
					"@executable_path/Frameworks",
				);
				MARKETING_VERSION = 1.0;
				PRODUCT_BUNDLE_IDENTIFIER = ca.veltus.EmojiArtboard;
				PRODUCT_NAME = "$(TARGET_NAME)";
				SWIFT_EMIT_LOC_STRINGS = YES;
				SWIFT_VERSION = 5.0;
				TARGETED_DEVICE_FAMILY = "1,2";
			};
			name = Release;
		};
/* End XCBuildConfiguration section */

/* Begin XCConfigurationList section */
		798D6D76297692A700EC8A52 /* Build configuration list for PBXProject "EmojiArtboard" */ = {
			isa = XCConfigurationList;
			buildConfigurations = (
				798D6D87297692A900EC8A52 /* Debug */,
				798D6D88297692A900EC8A52 /* Release */,
			);
			defaultConfigurationIsVisible = 0;
			defaultConfigurationName = Release;
		};
		798D6D89297692A900EC8A52 /* Build configuration list for PBXNativeTarget "EmojiArtboard" */ = {
			isa = XCConfigurationList;
			buildConfigurations = (
				798D6D8A297692A900EC8A52 /* Debug */,
				798D6D8B297692A900EC8A52 /* Release */,
			);
			defaultConfigurationIsVisible = 0;
			defaultConfigurationName = Release;
		};
/* End XCConfigurationList section */
	};
	rootObject = 798D6D73297692A700EC8A52 /* Project object */;
}
